
Microsoft Visual Studio Solution File, Format Version 12.00
# Visual Studio Version 16
VisualStudioVersion = 16.0.30907.101
MinimumVisualStudioVersion = 10.0.40219.1
Project("{9A19103F-16F7-4668-BE54-9A1E7A4F7556}") = "Nop.Core", "Libraries\Nop.Core\Nop.Core.csproj", "{6E954BC0-2841-441D-BFB3-088CB09D8B38}"
EndProject
Project("{9A19103F-16F7-4668-BE54-9A1E7A4F7556}") = "Nop.Data", "Libraries\Nop.Data\Nop.Data.csproj", "{F0E6A279-5841-4381-AFF4-58CD2E179055}"
EndProject
Project("{9A19103F-16F7-4668-BE54-9A1E7A4F7556}") = "Nop.Services", "Libraries\Nop.Services\Nop.Services.csproj", "{15B447F3-7B6C-40B7-AA68-0D69C80032EC}"
EndProject
Project("{9A19103F-16F7-4668-BE54-9A1E7A4F7556}") = "Nop.Web.Framework", "Presentation\Nop.Web.Framework\Nop.Web.Framework.csproj", "{63387A5D-53AB-49F8-8352-23022EC47826}"
EndProject
Project("{9A19103F-16F7-4668-BE54-9A1E7A4F7556}") = "Nop.Web", "Presentation\Nop.Web\Nop.Web.csproj", "{F486C299-36A6-453E-BD60-FB5F5626FD6E}"
EndProject
Project("{2150E333-8FDC-42A3-9474-1A3956D46DE8}") = "Plugins", "Plugins", "{B00F713D-DBF5-4D10-9FD1-BA11638603B2}"
EndProject
Project("{2150E333-8FDC-42A3-9474-1A3956D46DE8}") = "Libraries", "Libraries", "{2F921AA1-801A-44E8-9CFE-2209689A9C93}"
EndProject
Project("{2150E333-8FDC-42A3-9474-1A3956D46DE8}") = "Presentation", "Presentation", "{1D499480-CC45-4BA6-9F7B-854A86655271}"
EndProject
Global
	GlobalSection(SolutionConfigurationPlatforms) = preSolution
		Debug|Any CPU = Debug|Any CPU
		Release|Any CPU = Release|Any CPU
	EndGlobalSection
	GlobalSection(ProjectConfigurationPlatforms) = postSolution
		{6E954BC0-2841-441D-BFB3-088CB09D8B38}.Debug|Any CPU.ActiveCfg = Debug|Any CPU
		{6E954BC0-2841-441D-BFB3-088CB09D8B38}.Debug|Any CPU.Build.0 = Debug|Any CPU
		{6E954BC0-2841-441D-BFB3-088CB09D8B38}.Release|Any CPU.ActiveCfg = Release|Any CPU
		{6E954BC0-2841-441D-BFB3-088CB09D8B38}.Release|Any CPU.Build.0 = Release|Any CPU
		{F0E6A279-5841-4381-AFF4-58CD2E179055}.Debug|Any CPU.ActiveCfg = Debug|Any CPU
		{F0E6A279-5841-4381-AFF4-58CD2E179055}.Debug|Any CPU.Build.0 = Debug|Any CPU
		{F0E6A279-5841-4381-AFF4-58CD2E179055}.Release|Any CPU.ActiveCfg = Release|Any CPU
		{F0E6A279-5841-4381-AFF4-58CD2E179055}.Release|Any CPU.Build.0 = Release|Any CPU
		{15B447F3-7B6C-40B7-AA68-0D69C80032EC}.Debug|Any CPU.ActiveCfg = Debug|Any CPU
		{15B447F3-7B6C-40B7-AA68-0D69C80032EC}.Debug|Any CPU.Build.0 = Debug|Any CPU
		{15B447F3-7B6C-40B7-AA68-0D69C80032EC}.Release|Any CPU.ActiveCfg = Release|Any CPU
		{15B447F3-7B6C-40B7-AA68-0D69C80032EC}.Release|Any CPU.Build.0 = Release|Any CPU
		{63387A5D-53AB-49F8-8352-23022EC47826}.Debug|Any CPU.ActiveCfg = Debug|Any CPU
		{63387A5D-53AB-49F8-8352-23022EC47826}.Debug|Any CPU.Build.0 = Debug|Any CPU
		{63387A5D-53AB-49F8-8352-23022EC47826}.Release|Any CPU.ActiveCfg = Release|Any CPU
		{63387A5D-53AB-49F8-8352-23022EC47826}.Release|Any CPU.Build.0 = Release|Any CPU
		{F486C299-36A6-453E-BD60-FB5F5626FD6E}.Debug|Any CPU.ActiveCfg = Debug|Any CPU
		{F486C299-36A6-453E-BD60-FB5F5626FD6E}.Debug|Any CPU.Build.0 = Debug|Any CPU
		{F486C299-36A6-453E-BD60-FB5F5626FD6E}.Release|Any CPU.ActiveCfg = Release|Any CPU
		{F486C299-36A6-453E-BD60-FB5F5626FD6E}.Release|Any CPU.Build.0 = Release|Any CPU
	EndGlobalSection
	GlobalSection(SolutionProperties) = preSolution
		HideSolutionNode = FALSE
	EndGlobalSection
	GlobalSection(NestedProjects) = preSolution
		{6E954BC0-2841-441D-BFB3-088CB09D8B38} = {2F921AA1-801A-44E8-9CFE-2209689A9C93}
		{F0E6A279-5841-4381-AFF4-58CD2E179055} = {2F921AA1-801A-44E8-9CFE-2209689A9C93}
		{15B447F3-7B6C-40B7-AA68-0D69C80032EC} = {2F921AA1-801A-44E8-9CFE-2209689A9C93}
		{63387A5D-53AB-49F8-8352-23022EC47826} = {1D499480-CC45-4BA6-9F7B-854A86655271}
		{F486C299-36A6-453E-BD60-FB5F5626FD6E} = {1D499480-CC45-4BA6-9F7B-854A86655271}
	EndGlobalSection
	GlobalSection(ExtensibilityGlobals) = postSolution
		SolutionGuid = {10ADD3A8-E232-4E1C-BE9B-6EBC13F1A650}
	EndGlobalSection
EndGlobal
