
Microsoft Visual Studio Solution File, Format Version 12.00
# Visual Studio Version 16
VisualStudioVersion = 16.0.30907.101
MinimumVisualStudioVersion = 10.0.40219.1
Project("{9A19103F-16F7-4668-BE54-9A1E7A4F7556}") = "Nop.Core", "Libraries\Nop.Core\Nop.Core.csproj", "{6E954BC0-2841-441D-BFB3-088CB09D8B38}"
EndProject
Project("{9A19103F-16F7-4668-BE54-9A1E7A4F7556}") = "Nop.Data", "Libraries\Nop.Data\Nop.Data.csproj", "{F0E6A279-5841-4381-AFF4-58CD2E179055}"
EndProject
Project("{9A19103F-16F7-4668-BE54-9A1E7A4F7556}") = "Nop.Services", "Libraries\Nop.Services\Nop.Services.csproj", "{15B447F3-7B6C-40B7-AA68-0D69C80032EC}"
EndProject
Project("{9A19103F-16F7-4668-BE54-9A1E7A4F7556}") = "Nop.Web.Framework", "Presentation\Nop.Web.Framework\Nop.Web.Framework.csproj", "{63387A5D-53AB-49F8-8352-23022EC47826}"
EndProject
Project("{9A19103F-16F7-4668-BE54-9A1E7A4F7556}") = "Nop.Web", "Presentation\Nop.Web\Nop.Web.csproj", "{F486C299-36A6-453E-BD60-FB5F5626FD6E}"
EndProject
Project("{9A19103F-16F7-4668-BE54-9A1E7A4F7556}") = "Nop.Plugin.DiscountRules.CustomerRoles", "Plugins\Nop.Plugin.DiscountRules.CustomerRoles\Nop.Plugin.DiscountRules.CustomerRoles.csproj", "{B40C0AFA-EAC6-4144-9756-EE040F837B60}"
EndProject
Project("{9A19103F-16F7-4668-BE54-9A1E7A4F7556}") = "Nop.Plugin.ExchangeRate.EcbExchange", "Plugins\Nop.Plugin.ExchangeRate.EcbExchange\Nop.Plugin.ExchangeRate.EcbExchange.csproj", "{40E50744-33FC-4174-B157-12EF22C15D7F}"
EndProject
Project("{9A19103F-16F7-4668-BE54-9A1E7A4F7556}") = "Nop.Plugin.ExternalAuth.Facebook", "Plugins\Nop.Plugin.ExternalAuth.Facebook\Nop.Plugin.ExternalAuth.Facebook.csproj", "{43473431-46D0-42AC-9324-4F9B620BAFF2}"
EndProject
Project("{9A19103F-16F7-4668-BE54-9A1E7A4F7556}") = "Nop.Plugin.Misc.SendinBlue", "Plugins\Nop.Plugin.Misc.SendinBlue\Nop.Plugin.Misc.SendinBlue.csproj", "{BC352957-1F32-4555-B50B-F964429AAA1C}"
EndProject
Project("{9A19103F-16F7-4668-BE54-9A1E7A4F7556}") = "Nop.Plugin.MultiFactorAuth.GoogleAuthenticator", "Plugins\Nop.Plugin.MultiFactorAuth.GoogleAuthenticator\Nop.Plugin.MultiFactorAuth.GoogleAuthenticator.csproj", "{3CF1A5D1-8429-469D-B6BB-BA6E1758CD23}"
EndProject
Project("{9A19103F-16F7-4668-BE54-9A1E7A4F7556}") = "Nop.Plugin.Payments.CheckMoneyOrder", "Plugins\Nop.Plugin.Payments.CheckMoneyOrder\Nop.Plugin.Payments.CheckMoneyOrder.csproj", "{7949D04C-0F98-490C-8B11-326BABB0AC90}"
EndProject
Project("{9A19103F-16F7-4668-BE54-9A1E7A4F7556}") = "Nop.Plugin.Payments.Manual", "Plugins\Nop.Plugin.Payments.Manual\Nop.Plugin.Payments.Manual.csproj", "{84872ABF-7B8A-483A-A4E1-763C26CD2E7A}"
EndProject
Project("{9A19103F-16F7-4668-BE54-9A1E7A4F7556}") = "Nop.Plugin.Payments.PayPalSmartPaymentButtons", "Plugins\Nop.Plugin.Payments.PayPalSmartPaymentButtons\Nop.Plugin.Payments.PayPalSmartPaymentButtons.csproj", "{70EC1F19-1704-47DB-ADAA-E8A479974348}"
EndProject
Project("{9A19103F-16F7-4668-BE54-9A1E7A4F7556}") = "Nop.Plugin.Payments.PayPalStandard", "Plugins\Nop.Plugin.Payments.PayPalStandard\Nop.Plugin.Payments.PayPalStandard.csproj", "{9966EFF4-3C56-414D-B5A3-B6D5A60B71DA}"
EndProject
Project("{9A19103F-16F7-4668-BE54-9A1E7A4F7556}") = "Nop.Plugin.Pickup.PickupInStore", "Plugins\Nop.Plugin.Pickup.PickupInStore\Nop.Plugin.Pickup.PickupInStore.csproj", "{C7FC5D49-4135-46D3-B423-701399990511}"
EndProject
Project("{9A19103F-16F7-4668-BE54-9A1E7A4F7556}") = "Nop.Plugin.Shipping.FixedByWeightByTotal", "Plugins\Nop.Plugin.Shipping.FixedByWeightByTotal\Nop.Plugin.Shipping.FixedByWeightByTotal.csproj", "{CDD266D4-E175-436D-A3D0-5184C0C3EE16}"
EndProject
Project("{9A19103F-16F7-4668-BE54-9A1E7A4F7556}") = "Nop.Plugin.Shipping.ShipStation", "Plugins\Nop.Plugin.Shipping.ShipStation\Nop.Plugin.Shipping.ShipStation.csproj", "{F17C7464-654E-4891-8DED-6CBB9F471F34}"
EndProject
Project("{9A19103F-16F7-4668-BE54-9A1E7A4F7556}") = "Nop.Plugin.Shipping.UPS", "Plugins\Nop.Plugin.Shipping.UPS\Nop.Plugin.Shipping.UPS.csproj", "{E9C39854-2953-4105-AC2D-4649A64BA8CA}"
EndProject
Project("{9A19103F-16F7-4668-BE54-9A1E7A4F7556}") = "Nop.Plugin.Tax.Avalara", "Plugins\Nop.Plugin.Tax.Avalara\Nop.Plugin.Tax.Avalara.csproj", "{4208960E-4272-4F99-ACFA-5495DFFD8659}"
EndProject
Project("{9A19103F-16F7-4668-BE54-9A1E7A4F7556}") = "Nop.Plugin.Tax.FixedOrByCountryStateZip", "Plugins\Nop.Plugin.Tax.FixedOrByCountryStateZip\Nop.Plugin.Tax.FixedOrByCountryStateZip.csproj", "{4283239F-264B-40B0-955E-6B48906F54DF}"
EndProject
Project("{9A19103F-16F7-4668-BE54-9A1E7A4F7556}") = "Nop.Plugin.Widgets.FacebookPixel", "Plugins\Nop.Plugin.Widgets.FacebookPixel\Nop.Plugin.Widgets.FacebookPixel.csproj", "{E21040B7-8579-4BA2-85DB-68402A885739}"
EndProject
Project("{9A19103F-16F7-4668-BE54-9A1E7A4F7556}") = "Nop.Plugin.Widgets.GoogleAnalytics", "Plugins\Nop.Plugin.Widgets.GoogleAnalytics\Nop.Plugin.Widgets.GoogleAnalytics.csproj", "{4FA64603-09AE-4BC3-AA68-0604950D2724}"
EndProject
Project("{9A19103F-16F7-4668-BE54-9A1E7A4F7556}") = "Nop.Plugin.Widgets.NivoSlider", "Plugins\Nop.Plugin.Widgets.NivoSlider\Nop.Plugin.Widgets.NivoSlider.csproj", "{A018860F-95A0-485C-A645-6334FBE4FCC8}"
EndProject
Project("{2150E333-8FDC-42A3-9474-1A3956D46DE8}") = "Plugins", "Plugins", "{B00F713D-DBF5-4D10-9FD1-BA11638603B2}"
EndProject
Project("{2150E333-8FDC-42A3-9474-1A3956D46DE8}") = "Libraries", "Libraries", "{2F921AA1-801A-44E8-9CFE-2209689A9C93}"
EndProject
Project("{2150E333-8FDC-42A3-9474-1A3956D46DE8}") = "Presentation", "Presentation", "{1D499480-CC45-4BA6-9F7B-854A86655271}"
EndProject
Global
	GlobalSection(SolutionConfigurationPlatforms) = preSolution
		Debug|Any CPU = Debug|Any CPU
		Release|Any CPU = Release|Any CPU
	EndGlobalSection
	GlobalSection(ProjectConfigurationPlatforms) = postSolution
		{6E954BC0-2841-441D-BFB3-088CB09D8B38}.Debug|Any CPU.ActiveCfg = Debug|Any CPU
		{6E954BC0-2841-441D-BFB3-088CB09D8B38}.Debug|Any CPU.Build.0 = Debug|Any CPU
		{6E954BC0-2841-441D-BFB3-088CB09D8B38}.Release|Any CPU.ActiveCfg = Release|Any CPU
		{6E954BC0-2841-441D-BFB3-088CB09D8B38}.Release|Any CPU.Build.0 = Release|Any CPU
		{F0E6A279-5841-4381-AFF4-58CD2E179055}.Debug|Any CPU.ActiveCfg = Debug|Any CPU
		{F0E6A279-5841-4381-AFF4-58CD2E179055}.Debug|Any CPU.Build.0 = Debug|Any CPU
		{F0E6A279-5841-4381-AFF4-58CD2E179055}.Release|Any CPU.ActiveCfg = Release|Any CPU
		{F0E6A279-5841-4381-AFF4-58CD2E179055}.Release|Any CPU.Build.0 = Release|Any CPU
		{15B447F3-7B6C-40B7-AA68-0D69C80032EC}.Debug|Any CPU.ActiveCfg = Debug|Any CPU
		{15B447F3-7B6C-40B7-AA68-0D69C80032EC}.Debug|Any CPU.Build.0 = Debug|Any CPU
		{15B447F3-7B6C-40B7-AA68-0D69C80032EC}.Release|Any CPU.ActiveCfg = Release|Any CPU
		{15B447F3-7B6C-40B7-AA68-0D69C80032EC}.Release|Any CPU.Build.0 = Release|Any CPU
		{63387A5D-53AB-49F8-8352-23022EC47826}.Debug|Any CPU.ActiveCfg = Debug|Any CPU
		{63387A5D-53AB-49F8-8352-23022EC47826}.Debug|Any CPU.Build.0 = Debug|Any CPU
		{63387A5D-53AB-49F8-8352-23022EC47826}.Release|Any CPU.ActiveCfg = Release|Any CPU
		{63387A5D-53AB-49F8-8352-23022EC47826}.Release|Any CPU.Build.0 = Release|Any CPU
		{F486C299-36A6-453E-BD60-FB5F5626FD6E}.Debug|Any CPU.ActiveCfg = Debug|Any CPU
		{F486C299-36A6-453E-BD60-FB5F5626FD6E}.Debug|Any CPU.Build.0 = Debug|Any CPU
		{F486C299-36A6-453E-BD60-FB5F5626FD6E}.Release|Any CPU.ActiveCfg = Release|Any CPU
		{F486C299-36A6-453E-BD60-FB5F5626FD6E}.Release|Any CPU.Build.0 = Release|Any CPU
		{B40C0AFA-EAC6-4144-9756-EE040F837B60}.Debug|Any CPU.ActiveCfg = Debug|Any CPU
		{B40C0AFA-EAC6-4144-9756-EE040F837B60}.Debug|Any CPU.Build.0 = Debug|Any CPU
		{B40C0AFA-EAC6-4144-9756-EE040F837B60}.Release|Any CPU.ActiveCfg = Release|Any CPU
		{B40C0AFA-EAC6-4144-9756-EE040F837B60}.Release|Any CPU.Build.0 = Release|Any CPU
		{40E50744-33FC-4174-B157-12EF22C15D7F}.Debug|Any CPU.ActiveCfg = Debug|Any CPU
		{40E50744-33FC-4174-B157-12EF22C15D7F}.Debug|Any CPU.Build.0 = Debug|Any CPU
		{40E50744-33FC-4174-B157-12EF22C15D7F}.Release|Any CPU.ActiveCfg = Release|Any CPU
		{40E50744-33FC-4174-B157-12EF22C15D7F}.Release|Any CPU.Build.0 = Release|Any CPU
		{43473431-46D0-42AC-9324-4F9B620BAFF2}.Debug|Any CPU.ActiveCfg = Debug|Any CPU
		{43473431-46D0-42AC-9324-4F9B620BAFF2}.Debug|Any CPU.Build.0 = Debug|Any CPU
		{43473431-46D0-42AC-9324-4F9B620BAFF2}.Release|Any CPU.ActiveCfg = Release|Any CPU
		{43473431-46D0-42AC-9324-4F9B620BAFF2}.Release|Any CPU.Build.0 = Release|Any CPU
		{BC352957-1F32-4555-B50B-F964429AAA1C}.Debug|Any CPU.ActiveCfg = Debug|Any CPU
		{BC352957-1F32-4555-B50B-F964429AAA1C}.Debug|Any CPU.Build.0 = Debug|Any CPU
		{BC352957-1F32-4555-B50B-F964429AAA1C}.Release|Any CPU.ActiveCfg = Release|Any CPU
		{BC352957-1F32-4555-B50B-F964429AAA1C}.Release|Any CPU.Build.0 = Release|Any CPU
		{3CF1A5D1-8429-469D-B6BB-BA6E1758CD23}.Debug|Any CPU.ActiveCfg = Debug|Any CPU
		{3CF1A5D1-8429-469D-B6BB-BA6E1758CD23}.Debug|Any CPU.Build.0 = Debug|Any CPU
		{3CF1A5D1-8429-469D-B6BB-BA6E1758CD23}.Release|Any CPU.ActiveCfg = Release|Any CPU
		{3CF1A5D1-8429-469D-B6BB-BA6E1758CD23}.Release|Any CPU.Build.0 = Release|Any CPU
		{7949D04C-0F98-490C-8B11-326BABB0AC90}.Debug|Any CPU.ActiveCfg = Debug|Any CPU
		{7949D04C-0F98-490C-8B11-326BABB0AC90}.Debug|Any CPU.Build.0 = Debug|Any CPU
		{7949D04C-0F98-490C-8B11-326BABB0AC90}.Release|Any CPU.ActiveCfg = Release|Any CPU
		{7949D04C-0F98-490C-8B11-326BABB0AC90}.Release|Any CPU.Build.0 = Release|Any CPU
		{84872ABF-7B8A-483A-A4E1-763C26CD2E7A}.Debug|Any CPU.ActiveCfg = Debug|Any CPU
		{84872ABF-7B8A-483A-A4E1-763C26CD2E7A}.Debug|Any CPU.Build.0 = Debug|Any CPU
		{84872ABF-7B8A-483A-A4E1-763C26CD2E7A}.Release|Any CPU.ActiveCfg = Release|Any CPU
		{84872ABF-7B8A-483A-A4E1-763C26CD2E7A}.Release|Any CPU.Build.0 = Release|Any CPU
		{70EC1F19-1704-47DB-ADAA-E8A479974348}.Debug|Any CPU.ActiveCfg = Debug|Any CPU
		{70EC1F19-1704-47DB-ADAA-E8A479974348}.Debug|Any CPU.Build.0 = Debug|Any CPU
		{70EC1F19-1704-47DB-ADAA-E8A479974348}.Release|Any CPU.ActiveCfg = Release|Any CPU
		{70EC1F19-1704-47DB-ADAA-E8A479974348}.Release|Any CPU.Build.0 = Release|Any CPU
		{9966EFF4-3C56-414D-B5A3-B6D5A60B71DA}.Debug|Any CPU.ActiveCfg = Debug|Any CPU
		{9966EFF4-3C56-414D-B5A3-B6D5A60B71DA}.Debug|Any CPU.Build.0 = Debug|Any CPU
		{9966EFF4-3C56-414D-B5A3-B6D5A60B71DA}.Release|Any CPU.ActiveCfg = Release|Any CPU
		{9966EFF4-3C56-414D-B5A3-B6D5A60B71DA}.Release|Any CPU.Build.0 = Release|Any CPU
		{C7FC5D49-4135-46D3-B423-701399990511}.Debug|Any CPU.ActiveCfg = Debug|Any CPU
		{C7FC5D49-4135-46D3-B423-701399990511}.Debug|Any CPU.Build.0 = Debug|Any CPU
		{C7FC5D49-4135-46D3-B423-701399990511}.Release|Any CPU.ActiveCfg = Release|Any CPU
		{C7FC5D49-4135-46D3-B423-701399990511}.Release|Any CPU.Build.0 = Release|Any CPU
		{CDD266D4-E175-436D-A3D0-5184C0C3EE16}.Debug|Any CPU.ActiveCfg = Debug|Any CPU
		{CDD266D4-E175-436D-A3D0-5184C0C3EE16}.Debug|Any CPU.Build.0 = Debug|Any CPU
		{CDD266D4-E175-436D-A3D0-5184C0C3EE16}.Release|Any CPU.ActiveCfg = Release|Any CPU
		{CDD266D4-E175-436D-A3D0-5184C0C3EE16}.Release|Any CPU.Build.0 = Release|Any CPU
		{F17C7464-654E-4891-8DED-6CBB9F471F34}.Debug|Any CPU.ActiveCfg = Debug|Any CPU
		{F17C7464-654E-4891-8DED-6CBB9F471F34}.Debug|Any CPU.Build.0 = Debug|Any CPU
		{F17C7464-654E-4891-8DED-6CBB9F471F34}.Release|Any CPU.ActiveCfg = Release|Any CPU
		{F17C7464-654E-4891-8DED-6CBB9F471F34}.Release|Any CPU.Build.0 = Release|Any CPU
		{E9C39854-2953-4105-AC2D-4649A64BA8CA}.Debug|Any CPU.ActiveCfg = Debug|Any CPU
		{E9C39854-2953-4105-AC2D-4649A64BA8CA}.Debug|Any CPU.Build.0 = Debug|Any CPU
		{E9C39854-2953-4105-AC2D-4649A64BA8CA}.Release|Any CPU.ActiveCfg = Release|Any CPU
		{E9C39854-2953-4105-AC2D-4649A64BA8CA}.Release|Any CPU.Build.0 = Release|Any CPU
		{4208960E-4272-4F99-ACFA-5495DFFD8659}.Debug|Any CPU.ActiveCfg = Debug|Any CPU
		{4208960E-4272-4F99-ACFA-5495DFFD8659}.Debug|Any CPU.Build.0 = Debug|Any CPU
		{4208960E-4272-4F99-ACFA-5495DFFD8659}.Release|Any CPU.ActiveCfg = Release|Any CPU
		{4208960E-4272-4F99-ACFA-5495DFFD8659}.Release|Any CPU.Build.0 = Release|Any CPU
		{4283239F-264B-40B0-955E-6B48906F54DF}.Debug|Any CPU.ActiveCfg = Debug|Any CPU
		{4283239F-264B-40B0-955E-6B48906F54DF}.Debug|Any CPU.Build.0 = Debug|Any CPU
		{4283239F-264B-40B0-955E-6B48906F54DF}.Release|Any CPU.ActiveCfg = Release|Any CPU
		{4283239F-264B-40B0-955E-6B48906F54DF}.Release|Any CPU.Build.0 = Release|Any CPU
		{E21040B7-8579-4BA2-85DB-68402A885739}.Debug|Any CPU.ActiveCfg = Debug|Any CPU
		{E21040B7-8579-4BA2-85DB-68402A885739}.Debug|Any CPU.Build.0 = Debug|Any CPU
		{E21040B7-8579-4BA2-85DB-68402A885739}.Release|Any CPU.ActiveCfg = Release|Any CPU
		{E21040B7-8579-4BA2-85DB-68402A885739}.Release|Any CPU.Build.0 = Release|Any CPU
		{4FA64603-09AE-4BC3-AA68-0604950D2724}.Debug|Any CPU.ActiveCfg = Debug|Any CPU
		{4FA64603-09AE-4BC3-AA68-0604950D2724}.Debug|Any CPU.Build.0 = Debug|Any CPU
		{4FA64603-09AE-4BC3-AA68-0604950D2724}.Release|Any CPU.ActiveCfg = Release|Any CPU
		{4FA64603-09AE-4BC3-AA68-0604950D2724}.Release|Any CPU.Build.0 = Release|Any CPU
		{A018860F-95A0-485C-A645-6334FBE4FCC8}.Debug|Any CPU.ActiveCfg = Debug|Any CPU
		{A018860F-95A0-485C-A645-6334FBE4FCC8}.Debug|Any CPU.Build.0 = Debug|Any CPU
		{A018860F-95A0-485C-A645-6334FBE4FCC8}.Release|Any CPU.ActiveCfg = Release|Any CPU
		{A018860F-95A0-485C-A645-6334FBE4FCC8}.Release|Any CPU.Build.0 = Release|Any CPU
	EndGlobalSection
	GlobalSection(SolutionProperties) = preSolution
		HideSolutionNode = FALSE
	EndGlobalSection
	GlobalSection(NestedProjects) = preSolution
		{6E954BC0-2841-441D-BFB3-088CB09D8B38} = {2F921AA1-801A-44E8-9CFE-2209689A9C93}
		{F0E6A279-5841-4381-AFF4-58CD2E179055} = {2F921AA1-801A-44E8-9CFE-2209689A9C93}
		{15B447F3-7B6C-40B7-AA68-0D69C80032EC} = {2F921AA1-801A-44E8-9CFE-2209689A9C93}
		{63387A5D-53AB-49F8-8352-23022EC47826} = {1D499480-CC45-4BA6-9F7B-854A86655271}
		{F486C299-36A6-453E-BD60-FB5F5626FD6E} = {1D499480-CC45-4BA6-9F7B-854A86655271}
		{B40C0AFA-EAC6-4144-9756-EE040F837B60} = {B00F713D-DBF5-4D10-9FD1-BA11638603B2}
		{40E50744-33FC-4174-B157-12EF22C15D7F} = {B00F713D-DBF5-4D10-9FD1-BA11638603B2}
		{43473431-46D0-42AC-9324-4F9B620BAFF2} = {B00F713D-DBF5-4D10-9FD1-BA11638603B2}
		{BC352957-1F32-4555-B50B-F964429AAA1C} = {B00F713D-DBF5-4D10-9FD1-BA11638603B2}
		{3CF1A5D1-8429-469D-B6BB-BA6E1758CD23} = {B00F713D-DBF5-4D10-9FD1-BA11638603B2}
		{7949D04C-0F98-490C-8B11-326BABB0AC90} = {B00F713D-DBF5-4D10-9FD1-BA11638603B2}
		{84872ABF-7B8A-483A-A4E1-763C26CD2E7A} = {B00F713D-DBF5-4D10-9FD1-BA11638603B2}
		{70EC1F19-1704-47DB-ADAA-E8A479974348} = {B00F713D-DBF5-4D10-9FD1-BA11638603B2}
		{9966EFF4-3C56-414D-B5A3-B6D5A60B71DA} = {B00F713D-DBF5-4D10-9FD1-BA11638603B2}
		{C7FC5D49-4135-46D3-B423-701399990511} = {B00F713D-DBF5-4D10-9FD1-BA11638603B2}
		{CDD266D4-E175-436D-A3D0-5184C0C3EE16} = {B00F713D-DBF5-4D10-9FD1-BA11638603B2}
		{F17C7464-654E-4891-8DED-6CBB9F471F34} = {B00F713D-DBF5-4D10-9FD1-BA11638603B2}
		{E9C39854-2953-4105-AC2D-4649A64BA8CA} = {B00F713D-DBF5-4D10-9FD1-BA11638603B2}
		{4208960E-4272-4F99-ACFA-5495DFFD8659} = {B00F713D-DBF5-4D10-9FD1-BA11638603B2}
		{4283239F-264B-40B0-955E-6B48906F54DF} = {B00F713D-DBF5-4D10-9FD1-BA11638603B2}
		{E21040B7-8579-4BA2-85DB-68402A885739} = {B00F713D-DBF5-4D10-9FD1-BA11638603B2}
		{4FA64603-09AE-4BC3-AA68-0604950D2724} = {B00F713D-DBF5-4D10-9FD1-BA11638603B2}
		{A018860F-95A0-485C-A645-6334FBE4FCC8} = {B00F713D-DBF5-4D10-9FD1-BA11638603B2}
	EndGlobalSection
	GlobalSection(ExtensibilityGlobals) = postSolution
		SolutionGuid = {10ADD3A8-E232-4E1C-BE9B-6EBC13F1A650}
	EndGlobalSection
EndGlobal
