
Microsoft Visual Studio Solution File, Format Version 12.00
# Visual Studio Version 16
VisualStudioVersion = 16.0.30907.101
MinimumVisualStudioVersion = 10.0.40219.1
Project("{9A19103F-16F7-4668-BE54-9A1E7A4F7556}") = "Rs.Web", "Rs.Web\Rs.Web.csproj", "{E5F74B15-DCED-4309-BA9D-1D2A34545B31}"
EndProject
Project("{9A19103F-16F7-4668-BE54-9A1E7A4F7556}") = "Rs.DataBase", "Rs.DataBase\Rs.DataBase.csproj", "{A7B0B08C-E9D7-41ED-87E5-0E818960068C}"
EndProject
Project("{9A19103F-16F7-4668-BE54-9A1E7A4F7556}") = "Rs.Config", "Rs.Config\Rs.Config.csproj", "{BB24A3FC-CEED-4321-86F5-76C4A816DE61}"
EndProject
Project("{9A19103F-16F7-4668-BE54-9A1E7A4F7556}") = "Rs.Common", "Rs.Common\Rs.Common.csproj", "{A8423C3A-A09B-4DC3-947A-C1182E836338}"
EndProject
Project("{FAE04EC0-301F-11D3-BF4B-00C04F79EFBC}") = "Rs.Ply", "Rs.Ply\Rs.Ply.csproj", "{0A0DB7E2-9C10-4D52-8D54-4E82EFAB41C4}"
EndProject
Global
	GlobalSection(SolutionConfigurationPlatforms) = preSolution
		Debug|Any CPU = Debug|Any CPU
		Release|Any CPU = Release|Any CPU
	EndGlobalSection
	GlobalSection(ProjectConfigurationPlatforms) = postSolution
		{E5F74B15-DCED-4309-BA9D-1D2A34545B31}.Debug|Any CPU.ActiveCfg = Debug|Any CPU
		{E5F74B15-DCED-4309-BA9D-1D2A34545B31}.Debug|Any CPU.Build.0 = Debug|Any CPU
		{E5F74B15-DCED-4309-BA9D-1D2A34545B31}.Release|Any CPU.ActiveCfg = Release|Any CPU
		{E5F74B15-DCED-4309-BA9D-1D2A34545B31}.Release|Any CPU.Build.0 = Release|Any CPU
		{A7B0B08C-E9D7-41ED-87E5-0E818960068C}.Debug|Any CPU.ActiveCfg = Debug|Any CPU
		{A7B0B08C-E9D7-41ED-87E5-0E818960068C}.Debug|Any CPU.Build.0 = Debug|Any CPU
		{A7B0B08C-E9D7-41ED-87E5-0E818960068C}.Release|Any CPU.ActiveCfg = Release|Any CPU
		{A7B0B08C-E9D7-41ED-87E5-0E818960068C}.Release|Any CPU.Build.0 = Release|Any CPU
		{BB24A3FC-CEED-4321-86F5-76C4A816DE61}.Debug|Any CPU.ActiveCfg = Debug|Any CPU
		{BB24A3FC-CEED-4321-86F5-76C4A816DE61}.Debug|Any CPU.Build.0 = Debug|Any CPU
		{BB24A3FC-CEED-4321-86F5-76C4A816DE61}.Release|Any CPU.ActiveCfg = Release|Any CPU
		{BB24A3FC-CEED-4321-86F5-76C4A816DE61}.Release|Any CPU.Build.0 = Release|Any CPU
		{A8423C3A-A09B-4DC3-947A-C1182E836338}.Debug|Any CPU.ActiveCfg = Debug|Any CPU
		{A8423C3A-A09B-4DC3-947A-C1182E836338}.Debug|Any CPU.Build.0 = Debug|Any CPU
		{A8423C3A-A09B-4DC3-947A-C1182E836338}.Release|Any CPU.ActiveCfg = Release|Any CPU
		{A8423C3A-A09B-4DC3-947A-C1182E836338}.Release|Any CPU.Build.0 = Release|Any CPU
		{0A0DB7E2-9C10-4D52-8D54-4E82EFAB41C4}.Debug|Any CPU.ActiveCfg = Debug|Any CPU
		{0A0DB7E2-9C10-4D52-8D54-4E82EFAB41C4}.Debug|Any CPU.Build.0 = Debug|Any CPU
		{0A0DB7E2-9C10-4D52-8D54-4E82EFAB41C4}.Release|Any CPU.ActiveCfg = Release|Any CPU
		{0A0DB7E2-9C10-4D52-8D54-4E82EFAB41C4}.Release|Any CPU.Build.0 = Release|Any CPU
	EndGlobalSection
	GlobalSection(SolutionProperties) = preSolution
		HideSolutionNode = FALSE
	EndGlobalSection
	GlobalSection(ExtensibilityGlobals) = postSolution
		SolutionGuid = {10ADD3A8-E232-4E1C-BE9B-6EBC13F1A650}
	EndGlobalSection
EndGlobal
